
Microsoft Visual Studio Solution File, Format Version 12.00
# Visual Studio 2015
Project("{FAE04EC0-301F-11D3-BF4B-00C04F79EFBC}") = "Ludum-Dare-36.CSharp", "Ludum-Dare-36.CSharp.csproj", "{D07A91AD-0DA1-E326-ED24-CC22D8FF4F10}"
EndProject
Global
	GlobalSection(SolutionConfigurationPlatforms) = preSolution
		Debug|Any CPU = Debug|Any CPU
		Release|Any CPU = Release|Any CPU
	EndGlobalSection
	GlobalSection(ProjectConfigurationPlatforms) = postSolution
		{D07A91AD-0DA1-E326-ED24-CC22D8FF4F10}.Debug|Any CPU.ActiveCfg = Debug|Any CPU
		{D07A91AD-0DA1-E326-ED24-CC22D8FF4F10}.Debug|Any CPU.Build.0 = Debug|Any CPU
		{D07A91AD-0DA1-E326-ED24-CC22D8FF4F10}.Release|Any CPU.ActiveCfg = Release|Any CPU
		{D07A91AD-0DA1-E326-ED24-CC22D8FF4F10}.Release|Any CPU.Build.0 = Release|Any CPU
	EndGlobalSection
	GlobalSection(SolutionProperties) = preSolution
		HideSolutionNode = FALSE
	EndGlobalSection
EndGlobal
